
Microsoft Visual Studio Solution File, Format Version 12.00
# Visual Studio Version 17
VisualStudioVersion = 17.5.33516.290
MinimumVisualStudioVersion = 10.0.40219.1
Project("{FAE04EC0-301F-11D3-BF4B-00C04F79EFBC}") = "ProductMaintenanceDB GUI", "ProductMaintenanceDB GUI\ProductMaintenanceDB GUI.csproj", "{4E147F6F-AA42-4C12-A4EE-A30D253C1E37}"
EndProject
Project("{FAE04EC0-301F-11D3-BF4B-00C04F79EFBC}") = "TechSupportData", "frmAddModifyProduct\TechSupportData.csproj", "{64BD6394-502A-448D-9A11-07F3889BB907}"
EndProject
Global
	GlobalSection(SolutionConfigurationPlatforms) = preSolution
		Debug|Any CPU = Debug|Any CPU
		Release|Any CPU = Release|Any CPU
	EndGlobalSection
	GlobalSection(ProjectConfigurationPlatforms) = postSolution
		{4E147F6F-AA42-4C12-A4EE-A30D253C1E37}.Debug|Any CPU.ActiveCfg = Debug|Any CPU
		{4E147F6F-AA42-4C12-A4EE-A30D253C1E37}.Debug|Any CPU.Build.0 = Debug|Any CPU
		{4E147F6F-AA42-4C12-A4EE-A30D253C1E37}.Release|Any CPU.ActiveCfg = Release|Any CPU
		{4E147F6F-AA42-4C12-A4EE-A30D253C1E37}.Release|Any CPU.Build.0 = Release|Any CPU
		{64BD6394-502A-448D-9A11-07F3889BB907}.Debug|Any CPU.ActiveCfg = Debug|Any CPU
		{64BD6394-502A-448D-9A11-07F3889BB907}.Debug|Any CPU.Build.0 = Debug|Any CPU
		{64BD6394-502A-448D-9A11-07F3889BB907}.Release|Any CPU.ActiveCfg = Release|Any CPU
		{64BD6394-502A-448D-9A11-07F3889BB907}.Release|Any CPU.Build.0 = Release|Any CPU
	EndGlobalSection
	GlobalSection(SolutionProperties) = preSolution
		HideSolutionNode = FALSE
	EndGlobalSection
	GlobalSection(ExtensibilityGlobals) = postSolution
		SolutionGuid = {6694CB66-F583-4D31-8A95-F5BA27431372}
	EndGlobalSection
EndGlobal
